{
  "nodes": {
    "darwin": {
      "inputs": {
        "nixpkgs": [
          "nixpkgs"
        ]
      },
      "locked": {
        "lastModified": 1631730143,
        "narHash": "sha256-A8PaUyZu5WVp+IojG5q+39rjf5x57OFDYmVoDFPZLlY=",
        "owner": "LnL7",
        "repo": "nix-darwin",
        "rev": "e1a3f7292f085fd588d11f94ed0f47968c16df0c",
        "type": "github"
      },
      "original": {
        "owner": "LnL7",
        "ref": "master",
        "repo": "nix-darwin",
        "type": "github"
      }
    },
    "flake-compat": {
      "flake": false,
      "locked": {
        "lastModified": 1627913399,
        "narHash": "sha256-hY8g6H2KFL8ownSiFeMOjwPC8P0ueXpCVEbxgda3pko=",
        "owner": "edolstra",
        "repo": "flake-compat",
        "rev": "12c64ca55c1014cdc1b16ed5a804aa8576601ff2",
        "type": "github"
      },
      "original": {
        "owner": "edolstra",
        "repo": "flake-compat",
        "type": "github"
      }
    },
    "flake-utils": {
      "locked": {
        "lastModified": 1631561581,
        "narHash": "sha256-3VQMV5zvxaVLvqqUrNz3iJelLw30mIVSfZmAaauM3dA=",
        "owner": "numtide",
        "repo": "flake-utils",
        "rev": "7e5bf3925f6fbdfaf50a2a7ca0be2879c4261d19",
        "type": "github"
      },
      "original": {
        "owner": "numtide",
        "repo": "flake-utils",
        "type": "github"
      }
    },
    "foreign-fish": {
      "flake": false,
      "locked": {
        "lastModified": 1547655379,
        "narHash": "sha256-er1KI2xSUtTlQd9jZl1AjqeArrfBxrgBLcw5OqinuAM=",
        "owner": "oh-my-fish",
        "repo": "plugin-foreign-env",
        "rev": "dddd9213272a0ab848d474d0cbde12ad034e65bc",
        "type": "github"
      },
      "original": {
        "owner": "oh-my-fish",
        "repo": "plugin-foreign-env",
        "type": "github"
      }
    },
    "home-manager": {
      "inputs": {
        "nixpkgs": [
          "nixpkgs"
        ]
      },
      "locked": {
        "lastModified": 1634230035,
        "narHash": "sha256-tS0dyWxVgb79Jk8elMthWv/oycj/Q4HHDoNL5V43kz8=",
        "owner": "nix-community",
        "repo": "home-manager",
        "rev": "309808afbc2a07e340067f66029a4202b4c4b959",
        "type": "github"
      },
      "original": {
        "owner": "nix-community",
        "repo": "home-manager",
        "type": "github"
      }
    },
    "nixpkgs": {
      "locked": {
        "lastModified": 1633422745,
        "narHash": "sha256-gA6Ok64nPbkjHk3Oanq4641EeYkjcKhisDF9wBjLxEk=",
        "owner": "nixos",
        "repo": "nixpkgs",
        "rev": "8e1eab9eae4278c9bb1dcae426848a581943db5a",
        "type": "github"
      },
      "original": {
        "owner": "nixos",
        "ref": "nixpkgs-unstable",
        "repo": "nixpkgs",
        "type": "github"
      }
    },
    "nixpkgs-stable-darwin": {
      "locked": {
        "lastModified": 1632408697,
        "narHash": "sha256-JqTfu361AwFmV0WszXLAjfukqGxBbHRopRgdp9A2w8s=",
        "owner": "nixos",
        "repo": "nixpkgs",
        "rev": "a13824fe5e38187fbc75cd598b5c06bdcc13501f",
        "type": "github"
      },
      "original": {
        "owner": "nixos",
        "ref": "nixpkgs-20.09-darwin",
        "repo": "nixpkgs",
        "type": "github"
      }
    },
    "nord-kitty": {
      "flake": false,
      "locked": {
        "lastModified": 1617697207,
        "narHash": "sha256-Zbmrp2sQO0upkQ6Gtt5O4SLzPhovUDQNjvM0x8v2a0g=",
        "owner": "connorholyday",
        "repo": "nord-kitty",
        "rev": "3a819c1f207cd2f98a6b7c7f9ebf1c60da91c9e9",
        "type": "github"
      },
      "original": {
        "owner": "connorholyday",
        "repo": "nord-kitty",
        "type": "github"
      }
    },
    "root": {
      "inputs": {
        "darwin": "darwin",
        "flake-compat": "flake-compat",
        "flake-utils": "flake-utils",
        "foreign-fish": "foreign-fish",
        "home-manager": "home-manager",
        "nixpkgs": "nixpkgs",
        "nixpkgs-stable-darwin": "nixpkgs-stable-darwin",
        "nord-kitty": "nord-kitty"
      }
    }
  },
  "root": "root",
  "version": 7
}
